
Microsoft Visual Studio Solution File, Format Version 12.00
# Visual Studio Version 16
VisualStudioVersion = 16.0.29905.134
MinimumVisualStudioVersion = 10.0.40219.1
Project("{FAE04EC0-301F-11D3-BF4B-00C04F79EFBC}") = "Mytest1", "Mytest1\Mytest1.csproj", "{C571AA9E-EE60-4146-A94E-5082C8B39A93}"
EndProject
Global
	GlobalSection(SolutionConfigurationPlatforms) = preSolution
		Debug|Any CPU = Debug|Any CPU
		Release|Any CPU = Release|Any CPU
	EndGlobalSection
	GlobalSection(ProjectConfigurationPlatforms) = postSolution
		{C571AA9E-EE60-4146-A94E-5082C8B39A93}.Debug|Any CPU.ActiveCfg = Debug|Any CPU
		{C571AA9E-EE60-4146-A94E-5082C8B39A93}.Debug|Any CPU.Build.0 = Debug|Any CPU
		{C571AA9E-EE60-4146-A94E-5082C8B39A93}.Release|Any CPU.ActiveCfg = Release|Any CPU
		{C571AA9E-EE60-4146-A94E-5082C8B39A93}.Release|Any CPU.Build.0 = Release|Any CPU
	EndGlobalSection
	GlobalSection(SolutionProperties) = preSolution
		HideSolutionNode = FALSE
	EndGlobalSection
	GlobalSection(ExtensibilityGlobals) = postSolution
		SolutionGuid = {6DE6F978-03EE-471C-A8CC-F8C5FB9F8EA2}
	EndGlobalSection
EndGlobal
